// !$*UTF8*$!
{
	archiveVersion = 1;
	classes = {
	};
	objectVersion = 77;
	objects = {

/* Begin PBXContainerItemProxy section */
		DD27B2592E2FE0D800DC85A8 /* PBXContainerItemProxy */ = {
			isa = PBXContainerItemProxy;
			containerPortal = DD27B23E2E2FE0D500DC85A8 /* Project object */;
			proxyType = 1;
			remoteGlobalIDString = DD27B2452E2FE0D500DC85A8;
			remoteInfo = ChartSense;
		};
		DD27B2632E2FE0D800DC85A8 /* PBXContainerItemProxy */ = {
			isa = PBXContainerItemProxy;
			containerPortal = DD27B23E2E2FE0D500DC85A8 /* Project object */;
			proxyType = 1;
			remoteGlobalIDString = DD27B2452E2FE0D500DC85A8;
			remoteInfo = ChartSense;
		};
/* End PBXContainerItemProxy section */

/* Begin PBXFileReference section */
		DD27B2462E2FE0D500DC85A8 /* ChartSense.app */ = {isa = PBXFileReference; explicitFileType = wrapper.application; includeInIndex = 0; path = ChartSense.app; sourceTree = BUILT_PRODUCTS_DIR; };
		DD27B2582E2FE0D800DC85A8 /* ChartSenseTests.xctest */ = {isa = PBXFileReference; explicitFileType = wrapper.cfbundle; includeInIndex = 0; path = ChartSenseTests.xctest; sourceTree = BUILT_PRODUCTS_DIR; };
		DD27B2622E2FE0D800DC85A8 /* ChartSenseUITests.xctest */ = {isa = PBXFileReference; explicitFileType = wrapper.cfbundle; includeInIndex = 0; path = ChartSenseUITests.xctest; sourceTree = BUILT_PRODUCTS_DIR; };
/* End PBXFileReference section */

/* Begin PBXFileSystemSynchronizedRootGroup section */
		DD27B2482E2FE0D500DC85A8 /* ChartSense */ = {
			isa = PBXFileSystemSynchronizedRootGroup;
			path = ChartSense;
			sourceTree = "<group>";
		};
		DD27B25B2E2FE0D800DC85A8 /* ChartSenseTests */ = {
			isa = PBXFileSystemSynchronizedRootGroup;
			path = ChartSenseTests;
			sourceTree = "<group>";
		};
		DD27B2652E2FE0D800DC85A8 /* ChartSenseUITests */ = {
			isa = PBXFileSystemSynchronizedRootGroup;
			path = ChartSenseUITests;
			sourceTree = "<group>";
		};
/* End PBXFileSystemSynchronizedRootGroup section */

/* Begin PBXFrameworksBuildPhase section */
		DD27B2432E2FE0D500DC85A8 /* Frameworks */ = {
			isa = PBXFrameworksBuildPhase;
			buildActionMask = 2147483647;
			files = (
			);
			runOnlyForDeploymentPostprocessing = 0;
		};
		DD27B2552E2FE0D800DC85A8 /* Frameworks */ = {
			isa = PBXFrameworksBuildPhase;
			buildActionMask = 2147483647;
			files = (
			);
			runOnlyForDeploymentPostprocessing = 0;
		};
		DD27B25F2E2FE0D800DC85A8 /* Frameworks */ = {
			isa = PBXFrameworksBuildPhase;
			buildActionMask = 2147483647;
			files = (
			);
			runOnlyForDeploymentPostprocessing = 0;
		};
/* End PBXFrameworksBuildPhase section */

/* Begin PBXGroup section */
		DD27B23D2E2FE0D500DC85A8 = {
			isa = PBXGroup;
			children = (
				DD27B2482E2FE0D500DC85A8 /* ChartSense */,
				DD27B25B2E2FE0D800DC85A8 /* ChartSenseTests */,
				DD27B2652E2FE0D800DC85A8 /* ChartSenseUITests */,
				DD27B2472E2FE0D500DC85A8 /* Products */,
			);
			sourceTree = "<group>";
		};
		DD27B2472E2FE0D500DC85A8 /* Products */ = {
			isa = PBXGroup;
			children = (
				DD27B2462E2FE0D500DC85A8 /* ChartSense.app */,
				DD27B2582E2FE0D800DC85A8 /* ChartSenseTests.xctest */,
				DD27B2622E2FE0D800DC85A8 /* ChartSenseUITests.xctest */,
			);
			name = Products;
			sourceTree = "<group>";
		};
/* End PBXGroup section */

/* Begin PBXNativeTarget section */
		DD27B2452E2FE0D500DC85A8 /* ChartSense */ = {
			isa = PBXNativeTarget;
			buildConfigurationList = DD27B26C2E2FE0D800DC85A8 /* Build configuration list for PBXNativeTarget "ChartSense" */;
			buildPhases = (
				DD27B2422E2FE0D500DC85A8 /* Sources */,
				DD27B2432E2FE0D500DC85A8 /* Frameworks */,
				DD27B2442E2FE0D500DC85A8 /* Resources */,
			);
			buildRules = (
			);
			dependencies = (
			);
			fileSystemSynchronizedGroups = (
				DD27B2482E2FE0D500DC85A8 /* ChartSense */,
			);
			name = ChartSense;
			packageProductDependencies = (
			);
			productName = ChartSense;
			productReference = DD27B2462E2FE0D500DC85A8 /* ChartSense.app */;
			productType = "com.apple.product-type.application";
		};
		DD27B2572E2FE0D800DC85A8 /* ChartSenseTests */ = {
			isa = PBXNativeTarget;
			buildConfigurationList = DD27B26F2E2FE0D800DC85A8 /* Build configuration list for PBXNativeTarget "ChartSenseTests" */;
			buildPhases = (
				DD27B2542E2FE0D800DC85A8 /* Sources */,
				DD27B2552E2FE0D800DC85A8 /* Frameworks */,
				DD27B2562E2FE0D800DC85A8 /* Resources */,
			);
			buildRules = (
			);
			dependencies = (
				DD27B25A2E2FE0D800DC85A8 /* PBXTargetDependency */,
			);
			fileSystemSynchronizedGroups = (
				DD27B25B2E2FE0D800DC85A8 /* ChartSenseTests */,
			);
			name = ChartSenseTests;
			packageProductDependencies = (
			);
			productName = ChartSenseTests;
			productReference = DD27B2582E2FE0D800DC85A8 /* ChartSenseTests.xctest */;
			productType = "com.apple.product-type.bundle.unit-test";
		};
		DD27B2612E2FE0D800DC85A8 /* ChartSenseUITests */ = {
			isa = PBXNativeTarget;
			buildConfigurationList = DD27B2722E2FE0D800DC85A8 /* Build configuration list for PBXNativeTarget "ChartSenseUITests" */;
			buildPhases = (
				DD27B25E2E2FE0D800DC85A8 /* Sources */,
				DD27B25F2E2FE0D800DC85A8 /* Frameworks */,
				DD27B2602E2FE0D800DC85A8 /* Resources */,
			);
			buildRules = (
			);
			dependencies = (
				DD27B2642E2FE0D800DC85A8 /* PBXTargetDependency */,
			);
			fileSystemSynchronizedGroups = (
				DD27B2652E2FE0D800DC85A8 /* ChartSenseUITests */,
			);
			name = ChartSenseUITests;
			packageProductDependencies = (
			);
			productName = ChartSenseUITests;
			productReference = DD27B2622E2FE0D800DC85A8 /* ChartSenseUITests.xctest */;
			productType = "com.apple.product-type.bundle.ui-testing";
		};
/* End PBXNativeTarget section */

/* Begin PBXProject section */
		DD27B23E2E2FE0D500DC85A8 /* Project object */ = {
			isa = PBXProject;
			attributes = {
				BuildIndependentTargetsInParallel = 1;
				LastSwiftUpdateCheck = 1620;
				LastUpgradeCheck = 1620;
				TargetAttributes = {
					DD27B2452E2FE0D500DC85A8 = {
						CreatedOnToolsVersion = 16.2;
					};
					DD27B2572E2FE0D800DC85A8 = {
						CreatedOnToolsVersion = 16.2;
						TestTargetID = DD27B2452E2FE0D500DC85A8;
					};
					DD27B2612E2FE0D800DC85A8 = {
						CreatedOnToolsVersion = 16.2;
						TestTargetID = DD27B2452E2FE0D500DC85A8;
					};
				};
			};
			buildConfigurationList = DD27B2412E2FE0D500DC85A8 /* Build configuration list for PBXProject "ChartSense" */;
			developmentRegion = en;
			hasScannedForEncodings = 0;
			knownRegions = (
				en,
				Base,
			);
			mainGroup = DD27B23D2E2FE0D500DC85A8;
			minimizedProjectReferenceProxies = 1;
			preferredProjectObjectVersion = 77;
			productRefGroup = DD27B2472E2FE0D500DC85A8 /* Products */;
			projectDirPath = "";
			projectRoot = "";
			targets = (
				DD27B2452E2FE0D500DC85A8 /* ChartSense */,
				DD27B2572E2FE0D800DC85A8 /* ChartSenseTests */,
				DD27B2612E2FE0D800DC85A8 /* ChartSenseUITests */,
			);
		};
/* End PBXProject section */

/* Begin PBXResourcesBuildPhase section */
		DD27B2442E2FE0D500DC85A8 /* Resources */ = {
			isa = PBXResourcesBuildPhase;
			buildActionMask = 2147483647;
			files = (
			);
			runOnlyForDeploymentPostprocessing = 0;
		};
		DD27B2562E2FE0D800DC85A8 /* Resources */ = {
			isa = PBXResourcesBuildPhase;
			buildActionMask = 2147483647;
			files = (
			);
			runOnlyForDeploymentPostprocessing = 0;
		};
		DD27B2602E2FE0D800DC85A8 /* Resources */ = {
			isa = PBXResourcesBuildPhase;
			buildActionMask = 2147483647;
			files = (
			);
			runOnlyForDeploymentPostprocessing = 0;
		};
/* End PBXResourcesBuildPhase section */

/* Begin PBXSourcesBuildPhase section */
		DD27B2422E2FE0D500DC85A8 /* Sources */ = {
			isa = PBXSourcesBuildPhase;
			buildActionMask = 2147483647;
			files = (
			);
			runOnlyForDeploymentPostprocessing = 0;
		};
		DD27B2542E2FE0D800DC85A8 /* Sources */ = {
			isa = PBXSourcesBuildPhase;
			buildActionMask = 2147483647;
			files = (
			);
			runOnlyForDeploymentPostprocessing = 0;
		};
		DD27B25E2E2FE0D800DC85A8 /* Sources */ = {
			isa = PBXSourcesBuildPhase;
			buildActionMask = 2147483647;
			files = (
			);
			runOnlyForDeploymentPostprocessing = 0;
		};
/* End PBXSourcesBuildPhase section */

/* Begin PBXTargetDependency section */
		DD27B25A2E2FE0D800DC85A8 /* PBXTargetDependency */ = {
			isa = PBXTargetDependency;
			target = DD27B2452E2FE0D500DC85A8 /* ChartSense */;
			targetProxy = DD27B2592E2FE0D800DC85A8 /* PBXContainerItemProxy */;
		};
		DD27B2642E2FE0D800DC85A8 /* PBXTargetDependency */ = {
			isa = PBXTargetDependency;
			target = DD27B2452E2FE0D500DC85A8 /* ChartSense */;
			targetProxy = DD27B2632E2FE0D800DC85A8 /* PBXContainerItemProxy */;
		};
/* End PBXTargetDependency section */

/* Begin XCBuildConfiguration section */
		DD27B26A2E2FE0D800DC85A8 /* Debug */ = {
			isa = XCBuildConfiguration;
			buildSettings = {
				ALWAYS_SEARCH_USER_PATHS = NO;
				ASSETCATALOG_COMPILER_GENERATE_SWIFT_ASSET_SYMBOL_EXTENSIONS = YES;
				CLANG_ANALYZER_NONNULL = YES;
				CLANG_ANALYZER_NUMBER_OBJECT_CONVERSION = YES_AGGRESSIVE;
				CLANG_CXX_LANGUAGE_STANDARD = "gnu++20";
				CLANG_ENABLE_MODULES = YES;
				CLANG_ENABLE_OBJC_ARC = YES;
				CLANG_ENABLE_OBJC_WEAK = YES;
				CLANG_WARN_BLOCK_CAPTURE_AUTORELEASING = YES;
				CLANG_WARN_BOOL_CONVERSION = YES;
				CLANG_WARN_COMMA = YES;
				CLANG_WARN_CONSTANT_CONVERSION = YES;
				CLANG_WARN_DEPRECATED_OBJC_IMPLEMENTATIONS = YES;
				CLANG_WARN_DIRECT_OBJC_ISA_USAGE = YES_ERROR;
				CLANG_WARN_DOCUMENTATION_COMMENTS = YES;
				CLANG_WARN_EMPTY_BODY = YES;
				CLANG_WARN_ENUM_CONVERSION = YES;
				CLANG_WARN_INFINITE_RECURSION = YES;
				CLANG_WARN_INT_CONVERSION = YES;
				CLANG_WARN_NON_LITERAL_NULL_CONVERSION = YES;
				CLANG_WARN_OBJC_IMPLICIT_RETAIN_SELF = YES;
				CLANG_WARN_OBJC_LITERAL_CONVERSION = YES;
				CLANG_WARN_OBJC_ROOT_CLASS = YES_ERROR;
				CLANG_WARN_QUOTED_INCLUDE_IN_FRAMEWORK_HEADER = YES;
				CLANG_WARN_RANGE_LOOP_ANALYSIS = YES;
				CLANG_WARN_STRICT_PROTOTYPES = YES;
				CLANG_WARN_SUSPICIOUS_MOVE = YES;
				CLANG_WARN_UNGUARDED_AVAILABILITY = YES_AGGRESSIVE;
				CLANG_WARN_UNREACHABLE_CODE = YES;
				CLANG_WARN__DUPLICATE_METHOD_MATCH = YES;
				COPY_PHASE_STRIP = NO;
				DEBUG_INFORMATION_FORMAT = dwarf;
				ENABLE_STRICT_OBJC_MSGSEND = YES;
				ENABLE_TESTABILITY = YES;
				ENABLE_USER_SCRIPT_SANDBOXING = YES;
				GCC_C_LANGUAGE_STANDARD = gnu17;
				GCC_DYNAMIC_NO_PIC = NO;
				GCC_NO_COMMON_BLOCKS = YES;
				GCC_OPTIMIZATION_LEVEL = 0;
				GCC_PREPROCESSOR_DEFINITIONS = (
					"DEBUG=1",
					"$(inherited)",
				);
				GCC_WARN_64_TO_32_BIT_CONVERSION = YES;
				GCC_WARN_ABOUT_RETURN_TYPE = YES_ERROR;
				GCC_WARN_UNDECLARED_SELECTOR = YES;
				GCC_WARN_UNINITIALIZED_AUTOS = YES_AGGRESSIVE;
				GCC_WARN_UNUSED_FUNCTION = YES;
				GCC_WARN_UNUSED_VARIABLE = YES;
				IPHONEOS_DEPLOYMENT_TARGET = 18.2;
				LOCALIZATION_PREFERS_STRING_CATALOGS = YES;
				MTL_ENABLE_DEBUG_INFO = INCLUDE_SOURCE;
				MTL_FAST_MATH = YES;
				ONLY_ACTIVE_ARCH = YES;
				SDKROOT = iphoneos;
				SWIFT_ACTIVE_COMPILATION_CONDITIONS = "DEBUG $(inherited)";
				SWIFT_OPTIMIZATION_LEVEL = "-Onone";
			};
			name = Debug;
		};
		DD27B26B2E2FE0D800DC85A8 /* Release */ = {
			isa = XCBuildConfiguration;
			buildSettings = {
				ALWAYS_SEARCH_USER_PATHS = NO;
				ASSETCATALOG_COMPILER_GENERATE_SWIFT_ASSET_SYMBOL_EXTENSIONS = YES;
				CLANG_ANALYZER_NONNULL = YES;
				CLANG_ANALYZER_NUMBER_OBJECT_CONVERSION = YES_AGGRESSIVE;
				CLANG_CXX_LANGUAGE_STANDARD = "gnu++20";
				CLANG_ENABLE_MODULES = YES;
				CLANG_ENABLE_OBJC_ARC = YES;
				CLANG_ENABLE_OBJC_WEAK = YES;
				CLANG_WARN_BLOCK_CAPTURE_AUTORELEASING = YES;
				CLANG_WARN_BOOL_CONVERSION = YES;
				CLANG_WARN_COMMA = YES;
				CLANG_WARN_CONSTANT_CONVERSION = YES;
				CLANG_WARN_DEPRECATED_OBJC_IMPLEMENTATIONS = YES;
				CLANG_WARN_DIRECT_OBJC_ISA_USAGE = YES_ERROR;
				CLANG_WARN_DOCUMENTATION_COMMENTS = YES;
				CLANG_WARN_EMPTY_BODY = YES;
				CLANG_WARN_ENUM_CONVERSION = YES;
				CLANG_WARN_INFINITE_RECURSION = YES;
				CLANG_WARN_INT_CONVERSION = YES;
				CLANG_WARN_NON_LITERAL_NULL_CONVERSION = YES;
				CLANG_WARN_OBJC_IMPLICIT_RETAIN_SELF = YES;
				CLANG_WARN_OBJC_LITERAL_CONVERSION = YES;
				CLANG_WARN_OBJC_ROOT_CLASS = YES_ERROR;
				CLANG_WARN_QUOTED_INCLUDE_IN_FRAMEWORK_HEADER = YES;
				CLANG_WARN_RANGE_LOOP_ANALYSIS = YES;
				CLANG_WARN_STRICT_PROTOTYPES = YES;
				CLANG_WARN_SUSPICIOUS_MOVE = YES;
				CLANG_WARN_UNGUARDED_AVAILABILITY = YES_AGGRESSIVE;
				CLANG_WARN_UNREACHABLE_CODE = YES;
				CLANG_WARN__DUPLICATE_METHOD_MATCH = YES;
				COPY_PHASE_STRIP = NO;
				DEBUG_INFORMATION_FORMAT = "dwarf-with-dsym";
				ENABLE_NS_ASSERTIONS = NO;
				ENABLE_STRICT_OBJC_MSGSEND = YES;
				ENABLE_USER_SCRIPT_SANDBOXING = YES;
				GCC_C_LANGUAGE_STANDARD = gnu17;
				GCC_NO_COMMON_BLOCKS = YES;
				GCC_WARN_64_TO_32_BIT_CONVERSION = YES;
				GCC_WARN_ABOUT_RETURN_TYPE = YES_ERROR;
				GCC_WARN_UNDECLARED_SELECTOR = YES;
				GCC_WARN_UNINITIALIZED_AUTOS = YES_AGGRESSIVE;
				GCC_WARN_UNUSED_FUNCTION = YES;
				GCC_WARN_UNUSED_VARIABLE = YES;
				IPHONEOS_DEPLOYMENT_TARGET = 18.2;
				LOCALIZATION_PREFERS_STRING_CATALOGS = YES;
				MTL_ENABLE_DEBUG_INFO = NO;
				MTL_FAST_MATH = YES;
				SDKROOT = iphoneos;
				SWIFT_COMPILATION_MODE = wholemodule;
				VALIDATE_PRODUCT = YES;
			};
			name = Release;
		};
		DD27B26D2E2FE0D800DC85A8 /* Debug */ = {
			isa = XCBuildConfiguration;
			buildSettings = {
				ASSETCATALOG_COMPILER_APPICON_NAME = AppIcon;
				ASSETCATALOG_COMPILER_GLOBAL_ACCENT_COLOR_NAME = AccentColor;
				CODE_SIGN_STYLE = Automatic;
				CURRENT_PROJECT_VERSION = 1;
				DEVELOPMENT_ASSET_PATHS = "\"ChartSense/Preview Content\"";
				DEVELOPMENT_TEAM = 9Z82S4KYR8;
				ENABLE_PREVIEWS = YES;
				GENERATE_INFOPLIST_FILE = YES;
				INFOPLIST_KEY_UIApplicationSceneManifest_Generation = YES;
				INFOPLIST_KEY_UIApplicationSupportsIndirectInputEvents = YES;
				INFOPLIST_KEY_UILaunchScreen_Generation = YES;
				INFOPLIST_KEY_UISupportedInterfaceOrientations_iPad = "UIInterfaceOrientationPortrait UIInterfaceOrientationPortraitUpsideDown UIInterfaceOrientationLandscapeLeft UIInterfaceOrientationLandscapeRight";
				INFOPLIST_KEY_UISupportedInterfaceOrientations_iPhone = "UIInterfaceOrientationPortrait UIInterfaceOrientationLandscapeLeft UIInterfaceOrientationLandscapeRight";
				LD_RUNPATH_SEARCH_PATHS = (
					"$(inherited)",
					"@executable_path/Frameworks",
				);
				MARKETING_VERSION = 1.0;
				PRODUCT_BUNDLE_IDENTIFIER = com.Aidan.ChartSense;
				PRODUCT_NAME = "$(TARGET_NAME)";
				SWIFT_EMIT_LOC_STRINGS = YES;
				SWIFT_VERSION = 5.0;
				TARGETED_DEVICE_FAMILY = "1,2";
			};
			name = Debug;
		};
		DD27B26E2E2FE0D800DC85A8 /* Release */ = {
			isa = XCBuildConfiguration;
			buildSettings = {
				ASSETCATALOG_COMPILER_APPICON_NAME = AppIcon;
				ASSETCATALOG_COMPILER_GLOBAL_ACCENT_COLOR_NAME = AccentColor;
				CODE_SIGN_STYLE = Automatic;
				CURRENT_PROJECT_VERSION = 1;
				DEVELOPMENT_ASSET_PATHS = "\"ChartSense/Preview Content\"";
				DEVELOPMENT_TEAM = 9Z82S4KYR8;
				ENABLE_PREVIEWS = YES;
				GENERATE_INFOPLIST_FILE = YES;
				INFOPLIST_KEY_UIApplicationSceneManifest_Generation = YES;
				INFOPLIST_KEY_UIApplicationSupportsIndirectInputEvents = YES;
				INFOPLIST_KEY_UILaunchScreen_Generation = YES;
				INFOPLIST_KEY_UISupportedInterfaceOrientations_iPad = "UIInterfaceOrientationPortrait UIInterfaceOrientationPortraitUpsideDown UIInterfaceOrientationLandscapeLeft UIInterfaceOrientationLandscapeRight";
				INFOPLIST_KEY_UISupportedInterfaceOrientations_iPhone = "UIInterfaceOrientationPortrait UIInterfaceOrientationLandscapeLeft UIInterfaceOrientationLandscapeRight";
				LD_RUNPATH_SEARCH_PATHS = (
					"$(inherited)",
					"@executable_path/Frameworks",
				);
				MARKETING_VERSION = 1.0;
				PRODUCT_BUNDLE_IDENTIFIER = com.Aidan.ChartSense;
				PRODUCT_NAME = "$(TARGET_NAME)";
				SWIFT_EMIT_LOC_STRINGS = YES;
				SWIFT_VERSION = 5.0;
				TARGETED_DEVICE_FAMILY = "1,2";
			};
			name = Release;
		};
		DD27B2702E2FE0D800DC85A8 /* Debug */ = {
			isa = XCBuildConfiguration;
			buildSettings = {
				BUNDLE_LOADER = "$(TEST_HOST)";
				CODE_SIGN_STYLE = Automatic;
				CURRENT_PROJECT_VERSION = 1;
				DEVELOPMENT_TEAM = 9Z82S4KYR8;
				GENERATE_INFOPLIST_FILE = YES;
				IPHONEOS_DEPLOYMENT_TARGET = 18.2;
				MARKETING_VERSION = 1.0;
				PRODUCT_BUNDLE_IDENTIFIER = com.Aidan.ChartSenseTests;
				PRODUCT_NAME = "$(TARGET_NAME)";
				SWIFT_EMIT_LOC_STRINGS = NO;
				SWIFT_VERSION = 5.0;
				TARGETED_DEVICE_FAMILY = "1,2";
				TEST_HOST = "$(BUILT_PRODUCTS_DIR)/ChartSense.app/$(BUNDLE_EXECUTABLE_FOLDER_PATH)/ChartSense";
			};
			name = Debug;
		};
		DD27B2712E2FE0D800DC85A8 /* Release */ = {
			isa = XCBuildConfiguration;
			buildSettings = {
				BUNDLE_LOADER = "$(TEST_HOST)";
				CODE_SIGN_STYLE = Automatic;
				CURRENT_PROJECT_VERSION = 1;
				DEVELOPMENT_TEAM = 9Z82S4KYR8;
				GENERATE_INFOPLIST_FILE = YES;
				IPHONEOS_DEPLOYMENT_TARGET = 18.2;
				MARKETING_VERSION = 1.0;
				PRODUCT_BUNDLE_IDENTIFIER = com.Aidan.ChartSenseTests;
				PRODUCT_NAME = "$(TARGET_NAME)";
				SWIFT_EMIT_LOC_STRINGS = NO;
				SWIFT_VERSION = 5.0;
				TARGETED_DEVICE_FAMILY = "1,2";
				TEST_HOST = "$(BUILT_PRODUCTS_DIR)/ChartSense.app/$(BUNDLE_EXECUTABLE_FOLDER_PATH)/ChartSense";
			};
			name = Release;
		};
		DD27B2732E2FE0D800DC85A8 /* Debug */ = {
			isa = XCBuildConfiguration;
			buildSettings = {
				CODE_SIGN_STYLE = Automatic;
				CURRENT_PROJECT_VERSION = 1;
				DEVELOPMENT_TEAM = 9Z82S4KYR8;
				GENERATE_INFOPLIST_FILE = YES;
				MARKETING_VERSION = 1.0;
				PRODUCT_BUNDLE_IDENTIFIER = com.Aidan.ChartSenseUITests;
				PRODUCT_NAME = "$(TARGET_NAME)";
				SWIFT_EMIT_LOC_STRINGS = NO;
				SWIFT_VERSION = 5.0;
				TARGETED_DEVICE_FAMILY = "1,2";
				TEST_TARGET_NAME = ChartSense;
			};
			name = Debug;
		};
		DD27B2742E2FE0D800DC85A8 /* Release */ = {
			isa = XCBuildConfiguration;
			buildSettings = {
				CODE_SIGN_STYLE = Automatic;
				CURRENT_PROJECT_VERSION = 1;
				DEVELOPMENT_TEAM = 9Z82S4KYR8;
				GENERATE_INFOPLIST_FILE = YES;
				MARKETING_VERSION = 1.0;
				PRODUCT_BUNDLE_IDENTIFIER = com.Aidan.ChartSenseUITests;
				PRODUCT_NAME = "$(TARGET_NAME)";
				SWIFT_EMIT_LOC_STRINGS = NO;
				SWIFT_VERSION = 5.0;
				TARGETED_DEVICE_FAMILY = "1,2";
				TEST_TARGET_NAME = ChartSense;
			};
			name = Release;
		};
/* End XCBuildConfiguration section */

/* Begin XCConfigurationList section */
		DD27B2412E2FE0D500DC85A8 /* Build configuration list for PBXProject "ChartSense" */ = {
			isa = XCConfigurationList;
			buildConfigurations = (
				DD27B26A2E2FE0D800DC85A8 /* Debug */,
				DD27B26B2E2FE0D800DC85A8 /* Release */,
			);
			defaultConfigurationIsVisible = 0;
			defaultConfigurationName = Release;
		};
		DD27B26C2E2FE0D800DC85A8 /* Build configuration list for PBXNativeTarget "ChartSense" */ = {
			isa = XCConfigurationList;
			buildConfigurations = (
				DD27B26D2E2FE0D800DC85A8 /* Debug */,
				DD27B26E2E2FE0D800DC85A8 /* Release */,
			);
			defaultConfigurationIsVisible = 0;
			defaultConfigurationName = Release;
		};
		DD27B26F2E2FE0D800DC85A8 /* Build configuration list for PBXNativeTarget "ChartSenseTests" */ = {
			isa = XCConfigurationList;
			buildConfigurations = (
				DD27B2702E2FE0D800DC85A8 /* Debug */,
				DD27B2712E2FE0D800DC85A8 /* Release */,
			);
			defaultConfigurationIsVisible = 0;
			defaultConfigurationName = Release;
		};
		DD27B2722E2FE0D800DC85A8 /* Build configuration list for PBXNativeTarget "ChartSenseUITests" */ = {
			isa = XCConfigurationList;
			buildConfigurations = (
				DD27B2732E2FE0D800DC85A8 /* Debug */,
				DD27B2742E2FE0D800DC85A8 /* Release */,
			);
			defaultConfigurationIsVisible = 0;
			defaultConfigurationName = Release;
		};
/* End XCConfigurationList section */
	};
	rootObject = DD27B23E2E2FE0D500DC85A8 /* Project object */;
}
